// !$*UTF8*$!
{
	archiveVersion = 1;
	classes = {
	};
	objectVersion = 50;
	objects = {

/* Begin PBXBuildFile section */
		7D630ED92505CE720049A0F3 /* MapViewController.swift in Sources */ = {isa = PBXBuildFile; fileRef = 7D630ED82505CE720049A0F3 /* MapViewController.swift */; };
		7D630EDB2505CEB40049A0F3 /* MapView.swift in Sources */ = {isa = PBXBuildFile; fileRef = 7D630EDA2505CEB40049A0F3 /* MapView.swift */; };
		7D66263825033E16006EF721 /* HistoryDetailView.swift in Sources */ = {isa = PBXBuildFile; fileRef = 7D66263725033E16006EF721 /* HistoryDetailView.swift */; };
		7D66263C250360A6006EF721 /* RootTabView.swift in Sources */ = {isa = PBXBuildFile; fileRef = 7D66263B250360A6006EF721 /* RootTabView.swift */; };
		7D66263E25038A34006EF721 /* ConfirmView.swift in Sources */ = {isa = PBXBuildFile; fileRef = 7D66263D25038A34006EF721 /* ConfirmView.swift */; };
		7D69B9C524EE52BB0054A7C4 /* SelectedImageView.swift in Sources */ = {isa = PBXBuildFile; fileRef = 7D69B9C424EE52BB0054A7C4 /* SelectedImageView.swift */; };
		7D69B9C924EE5E170054A7C4 /* HistoryModel.swift in Sources */ = {isa = PBXBuildFile; fileRef = 7D69B9C624EE5E170054A7C4 /* HistoryModel.swift */; };
		7D69B9CA24EE5E170054A7C4 /* MenuModel.swift in Sources */ = {isa = PBXBuildFile; fileRef = 7D69B9C724EE5E170054A7C4 /* MenuModel.swift */; };
		7D69B9CB24EE5E170054A7C4 /* OrderModel.swift in Sources */ = {isa = PBXBuildFile; fileRef = 7D69B9C824EE5E170054A7C4 /* OrderModel.swift */; };
		7D69B9CD24EE61AC0054A7C4 /* MenuDetailView.swift in Sources */ = {isa = PBXBuildFile; fileRef = 7D69B9CC24EE61AC0054A7C4 /* MenuDetailView.swift */; };
		7D9104C924ECFF2200954512 /* ListHeaderView.swift in Sources */ = {isa = PBXBuildFile; fileRef = 7D9104C824ECFF2200954512 /* ListHeaderView.swift */; };
		7DD3E32A24EB16FD00BFC2FE /* AppDelegate.swift in Sources */ = {isa = PBXBuildFile; fileRef = 7DD3E32924EB16FD00BFC2FE /* AppDelegate.swift */; };
		7DD3E32C24EB16FD00BFC2FE /* SceneDelegate.swift in Sources */ = {isa = PBXBuildFile; fileRef = 7DD3E32B24EB16FD00BFC2FE /* SceneDelegate.swift */; };
		7DD3E32E24EB16FD00BFC2FE /* ContentView.swift in Sources */ = {isa = PBXBuildFile; fileRef = 7DD3E32D24EB16FD00BFC2FE /* ContentView.swift */; };
		7DD3E33024EB16FF00BFC2FE /* Assets.xcassets in Resources */ = {isa = PBXBuildFile; fileRef = 7DD3E32F24EB16FF00BFC2FE /* Assets.xcassets */; };
		7DD3E33324EB16FF00BFC2FE /* Preview Assets.xcassets in Resources */ = {isa = PBXBuildFile; fileRef = 7DD3E33224EB16FF00BFC2FE /* Preview Assets.xcassets */; };
		7DD3E33624EB16FF00BFC2FE /* LaunchScreen.storyboard in Resources */ = {isa = PBXBuildFile; fileRef = 7DD3E33424EB16FF00BFC2FE /* LaunchScreen.storyboard */; };
		7DD3E34224EC69F900BFC2FE /* OrderListView.swift in Sources */ = {isa = PBXBuildFile; fileRef = 7DD3E34124EC69F900BFC2FE /* OrderListView.swift */; };
		7DD3E34424EC6DFB00BFC2FE /* MenuListView.swift in Sources */ = {isa = PBXBuildFile; fileRef = 7DD3E34324EC6DFB00BFC2FE /* MenuListView.swift */; };
		7DD3E34624EC745300BFC2FE /* ContentHeaderView.swift in Sources */ = {isa = PBXBuildFile; fileRef = 7DD3E34524EC745300BFC2FE /* ContentHeaderView.swift */; };
		7DD3E34824EC8B2000BFC2FE /* OrderRowView.swift in Sources */ = {isa = PBXBuildFile; fileRef = 7DD3E34724EC8B2000BFC2FE /* OrderRowView.swift */; };
		7DD3E34A24EC8B8900BFC2FE /* MenuRowView.swift in Sources */ = {isa = PBXBuildFile; fileRef = 7DD3E34924EC8B8900BFC2FE /* MenuRowView.swift */; };
		7DD3E34C24EC8BD200BFC2FE /* RatingsView.swift in Sources */ = {isa = PBXBuildFile; fileRef = 7DD3E34B24EC8BD200BFC2FE /* RatingsView.swift */; };
		7DD3E34E24ECF5FE00BFC2FE /* PageTitleView.swift in Sources */ = {isa = PBXBuildFile; fileRef = 7DD3E34D24ECF5FE00BFC2FE /* PageTitleView.swift */; };
		7DD3E35024ECF80200BFC2FE /* HistoryView.swift in Sources */ = {isa = PBXBuildFile; fileRef = 7DD3E34F24ECF80200BFC2FE /* HistoryView.swift */; };
		7DD3E35324ECF90900BFC2FE /* HistoryRowView.swift in Sources */ = {isa = PBXBuildFile; fileRef = 7DD3E35224ECF90900BFC2FE /* HistoryRowView.swift */; };
		7DD3E35524ECF94800BFC2FE /* HistoryListView.swift in Sources */ = {isa = PBXBuildFile; fileRef = 7DD3E35424ECF94800BFC2FE /* HistoryListView.swift */; };
/* End PBXBuildFile section */

/* Begin PBXFileReference section */
		7D630ED82505CE720049A0F3 /* MapViewController.swift */ = {isa = PBXFileReference; fileEncoding = 4; lastKnownFileType = sourcecode.swift; path = MapViewController.swift; sourceTree = "<group>"; };
		7D630EDA2505CEB40049A0F3 /* MapView.swift */ = {isa = PBXFileReference; lastKnownFileType = sourcecode.swift; path = MapView.swift; sourceTree = "<group>"; };
		7D66263725033E16006EF721 /* HistoryDetailView.swift */ = {isa = PBXFileReference; lastKnownFileType = sourcecode.swift; path = HistoryDetailView.swift; sourceTree = "<group>"; };
		7D66263B250360A6006EF721 /* RootTabView.swift */ = {isa = PBXFileReference; lastKnownFileType = sourcecode.swift; name = RootTabView.swift; path = ../RootTabView.swift; sourceTree = "<group>"; };
		7D66263D25038A34006EF721 /* ConfirmView.swift */ = {isa = PBXFileReference; fileEncoding = 4; lastKnownFileType = sourcecode.swift; path = ConfirmView.swift; sourceTree = "<group>"; };
		7D69B9C424EE52BB0054A7C4 /* SelectedImageView.swift */ = {isa = PBXFileReference; lastKnownFileType = sourcecode.swift; path = SelectedImageView.swift; sourceTree = "<group>"; };
		7D69B9C624EE5E170054A7C4 /* HistoryModel.swift */ = {isa = PBXFileReference; fileEncoding = 4; lastKnownFileType = sourcecode.swift; path = HistoryModel.swift; sourceTree = "<group>"; };
		7D69B9C724EE5E170054A7C4 /* MenuModel.swift */ = {isa = PBXFileReference; fileEncoding = 4; lastKnownFileType = sourcecode.swift; path = MenuModel.swift; sourceTree = "<group>"; };
		7D69B9C824EE5E170054A7C4 /* OrderModel.swift */ = {isa = PBXFileReference; fileEncoding = 4; lastKnownFileType = sourcecode.swift; path = OrderModel.swift; sourceTree = "<group>"; };
		7D69B9CC24EE61AC0054A7C4 /* MenuDetailView.swift */ = {isa = PBXFileReference; fileEncoding = 4; lastKnownFileType = sourcecode.swift; path = MenuDetailView.swift; sourceTree = "<group>"; };
		7D9104C824ECFF2200954512 /* ListHeaderView.swift */ = {isa = PBXFileReference; lastKnownFileType = sourcecode.swift; path = ListHeaderView.swift; sourceTree = "<group>"; };
		7DD3E32624EB16FD00BFC2FE /* HuliPizza.app */ = {isa = PBXFileReference; explicitFileType = wrapper.application; includeInIndex = 0; path = HuliPizza.app; sourceTree = BUILT_PRODUCTS_DIR; };
		7DD3E32924EB16FD00BFC2FE /* AppDelegate.swift */ = {isa = PBXFileReference; lastKnownFileType = sourcecode.swift; path = AppDelegate.swift; sourceTree = "<group>"; };
		7DD3E32B24EB16FD00BFC2FE /* SceneDelegate.swift */ = {isa = PBXFileReference; lastKnownFileType = sourcecode.swift; path = SceneDelegate.swift; sourceTree = "<group>"; };
		7DD3E32D24EB16FD00BFC2FE /* ContentView.swift */ = {isa = PBXFileReference; lastKnownFileType = sourcecode.swift; path = ContentView.swift; sourceTree = "<group>"; };
		7DD3E32F24EB16FF00BFC2FE /* Assets.xcassets */ = {isa = PBXFileReference; lastKnownFileType = folder.assetcatalog; path = Assets.xcassets; sourceTree = "<group>"; };
		7DD3E33224EB16FF00BFC2FE /* Preview Assets.xcassets */ = {isa = PBXFileReference; lastKnownFileType = folder.assetcatalog; path = "Preview Assets.xcassets"; sourceTree = "<group>"; };
		7DD3E33524EB16FF00BFC2FE /* Base */ = {isa = PBXFileReference; lastKnownFileType = file.storyboard; name = Base; path = Base.lproj/LaunchScreen.storyboard; sourceTree = "<group>"; };
		7DD3E33724EB16FF00BFC2FE /* Info.plist */ = {isa = PBXFileReference; lastKnownFileType = text.plist.xml; path = Info.plist; sourceTree = "<group>"; };
		7DD3E34124EC69F900BFC2FE /* OrderListView.swift */ = {isa = PBXFileReference; lastKnownFileType = sourcecode.swift; path = OrderListView.swift; sourceTree = "<group>"; };
		7DD3E34324EC6DFB00BFC2FE /* MenuListView.swift */ = {isa = PBXFileReference; lastKnownFileType = sourcecode.swift; path = MenuListView.swift; sourceTree = "<group>"; };
		7DD3E34524EC745300BFC2FE /* ContentHeaderView.swift */ = {isa = PBXFileReference; lastKnownFileType = sourcecode.swift; path = ContentHeaderView.swift; sourceTree = "<group>"; };
		7DD3E34724EC8B2000BFC2FE /* OrderRowView.swift */ = {isa = PBXFileReference; lastKnownFileType = sourcecode.swift; path = OrderRowView.swift; sourceTree = "<group>"; };
		7DD3E34924EC8B8900BFC2FE /* MenuRowView.swift */ = {isa = PBXFileReference; lastKnownFileType = sourcecode.swift; path = MenuRowView.swift; sourceTree = "<group>"; };
		7DD3E34B24EC8BD200BFC2FE /* RatingsView.swift */ = {isa = PBXFileReference; lastKnownFileType = sourcecode.swift; path = RatingsView.swift; sourceTree = "<group>"; };
		7DD3E34D24ECF5FE00BFC2FE /* PageTitleView.swift */ = {isa = PBXFileReference; lastKnownFileType = sourcecode.swift; path = PageTitleView.swift; sourceTree = "<group>"; };
		7DD3E34F24ECF80200BFC2FE /* HistoryView.swift */ = {isa = PBXFileReference; lastKnownFileType = sourcecode.swift; path = HistoryView.swift; sourceTree = "<group>"; };
		7DD3E35224ECF90900BFC2FE /* HistoryRowView.swift */ = {isa = PBXFileReference; lastKnownFileType = sourcecode.swift; path = HistoryRowView.swift; sourceTree = "<group>"; };
		7DD3E35424ECF94800BFC2FE /* HistoryListView.swift */ = {isa = PBXFileReference; lastKnownFileType = sourcecode.swift; path = HistoryListView.swift; sourceTree = "<group>"; };
/* End PBXFileReference section */

/* Begin PBXFrameworksBuildPhase section */
		7DD3E32324EB16FD00BFC2FE /* Frameworks */ = {
			isa = PBXFrameworksBuildPhase;
			buildActionMask = 2147483647;
			files = (
			);
			runOnlyForDeploymentPostprocessing = 0;
		};
/* End PBXFrameworksBuildPhase section */

/* Begin PBXGroup section */
		7DD3E31D24EB16FD00BFC2FE = {
			isa = PBXGroup;
			children = (
				7DD3E32824EB16FD00BFC2FE /* HuliPizza */,
				7DD3E32724EB16FD00BFC2FE /* Products */,
			);
			sourceTree = "<group>";
		};
		7DD3E32724EB16FD00BFC2FE /* Products */ = {
			isa = PBXGroup;
			children = (
				7DD3E32624EB16FD00BFC2FE /* HuliPizza.app */,
			);
			name = Products;
			sourceTree = "<group>";
		};
		7DD3E32824EB16FD00BFC2FE /* HuliPizza */ = {
			isa = PBXGroup;
			children = (
				7D66263B250360A6006EF721 /* RootTabView.swift */,
				7DD3E32D24EB16FD00BFC2FE /* ContentView.swift */,
				7D69B9C424EE52BB0054A7C4 /* SelectedImageView.swift */,
				7DD3E34524EC745300BFC2FE /* ContentHeaderView.swift */,
				7DD3E34D24ECF5FE00BFC2FE /* PageTitleView.swift */,
				7D9104C824ECFF2200954512 /* ListHeaderView.swift */,
				7DD3E35624ECFDD200BFC2FE /* HistoryView */,
				7DD3E34024EC69C200BFC2FE /* OrderView */,
				7DD3E33F24EC69B800BFC2FE /* MenuView */,
				7DD3E33E24EC69B400BFC2FE /* Model */,
				7DD3E32924EB16FD00BFC2FE /* AppDelegate.swift */,
				7DD3E32B24EB16FD00BFC2FE /* SceneDelegate.swift */,
				7DD3E32F24EB16FF00BFC2FE /* Assets.xcassets */,
				7DD3E33424EB16FF00BFC2FE /* LaunchScreen.storyboard */,
				7DD3E33724EB16FF00BFC2FE /* Info.plist */,
				7DD3E33124EB16FF00BFC2FE /* Preview Content */,
			);
			path = HuliPizza;
			sourceTree = "<group>";
		};
		7DD3E33124EB16FF00BFC2FE /* Preview Content */ = {
			isa = PBXGroup;
			children = (
				7DD3E33224EB16FF00BFC2FE /* Preview Assets.xcassets */,
			);
			path = "Preview Content";
			sourceTree = "<group>";
		};
		7DD3E33E24EC69B400BFC2FE /* Model */ = {
			isa = PBXGroup;
			children = (
				7D69B9C624EE5E170054A7C4 /* HistoryModel.swift */,
				7D69B9C724EE5E170054A7C4 /* MenuModel.swift */,
				7D69B9C824EE5E170054A7C4 /* OrderModel.swift */,
			);
			path = Model;
			sourceTree = "<group>";
		};
		7DD3E33F24EC69B800BFC2FE /* MenuView */ = {
			isa = PBXGroup;
			children = (
				7DD3E34324EC6DFB00BFC2FE /* MenuListView.swift */,
				7DD3E34924EC8B8900BFC2FE /* MenuRowView.swift */,
				7D69B9CC24EE61AC0054A7C4 /* MenuDetailView.swift */,
				7DD3E34B24EC8BD200BFC2FE /* RatingsView.swift */,
				7D66263D25038A34006EF721 /* ConfirmView.swift */,
			);
			path = MenuView;
			sourceTree = "<group>";
		};
		7DD3E34024EC69C200BFC2FE /* OrderView */ = {
			isa = PBXGroup;
			children = (
				7DD3E34124EC69F900BFC2FE /* OrderListView.swift */,
				7DD3E34724EC8B2000BFC2FE /* OrderRowView.swift */,
			);
			path = OrderView;
			sourceTree = "<group>";
		};
		7DD3E35624ECFDD200BFC2FE /* HistoryView */ = {
			isa = PBXGroup;
			children = (
				7DD3E34F24ECF80200BFC2FE /* HistoryView.swift */,
				7DD3E35424ECF94800BFC2FE /* HistoryListView.swift */,
				7DD3E35224ECF90900BFC2FE /* HistoryRowView.swift */,
				7D66263725033E16006EF721 /* HistoryDetailView.swift */,
				7D630ED82505CE720049A0F3 /* MapViewController.swift */,
				7D630EDA2505CEB40049A0F3 /* MapView.swift */,
			);
			path = HistoryView;
			sourceTree = "<group>";
		};
/* End PBXGroup section */

/* Begin PBXNativeTarget section */
		7DD3E32524EB16FD00BFC2FE /* HuliPizza */ = {
			isa = PBXNativeTarget;
			buildConfigurationList = 7DD3E33A24EB16FF00BFC2FE /* Build configuration list for PBXNativeTarget "HuliPizza" */;
			buildPhases = (
				7DD3E32224EB16FD00BFC2FE /* Sources */,
				7DD3E32324EB16FD00BFC2FE /* Frameworks */,
				7DD3E32424EB16FD00BFC2FE /* Resources */,
			);
			buildRules = (
			);
			dependencies = (
			);
			name = HuliPizza;
			productName = HuliPizza;
			productReference = 7DD3E32624EB16FD00BFC2FE /* HuliPizza.app */;
			productType = "com.apple.product-type.application";
		};
/* End PBXNativeTarget section */

/* Begin PBXProject section */
		7DD3E31E24EB16FD00BFC2FE /* Project object */ = {
			isa = PBXProject;
			attributes = {
				LastSwiftUpdateCheck = 1160;
				LastUpgradeCheck = 1160;
				ORGANIZATIONNAME = "David Paez";
				TargetAttributes = {
					7DD3E32524EB16FD00BFC2FE = {
						CreatedOnToolsVersion = 11.6;
					};
				};
			};
			buildConfigurationList = 7DD3E32124EB16FD00BFC2FE /* Build configuration list for PBXProject "HuliPizza" */;
			compatibilityVersion = "Xcode 9.3";
			developmentRegion = en;
			hasScannedForEncodings = 0;
			knownRegions = (
				en,
				Base,
			);
			mainGroup = 7DD3E31D24EB16FD00BFC2FE;
			productRefGroup = 7DD3E32724EB16FD00BFC2FE /* Products */;
			projectDirPath = "";
			projectRoot = "";
			targets = (
				7DD3E32524EB16FD00BFC2FE /* HuliPizza */,
			);
		};
/* End PBXProject section */

/* Begin PBXResourcesBuildPhase section */
		7DD3E32424EB16FD00BFC2FE /* Resources */ = {
			isa = PBXResourcesBuildPhase;
			buildActionMask = 2147483647;
			files = (
				7DD3E33624EB16FF00BFC2FE /* LaunchScreen.storyboard in Resources */,
				7DD3E33324EB16FF00BFC2FE /* Preview Assets.xcassets in Resources */,
				7DD3E33024EB16FF00BFC2FE /* Assets.xcassets in Resources */,
			);
			runOnlyForDeploymentPostprocessing = 0;
		};
/* End PBXResourcesBuildPhase section */

/* Begin PBXSourcesBuildPhase section */
		7DD3E32224EB16FD00BFC2FE /* Sources */ = {
			isa = PBXSourcesBuildPhase;
			buildActionMask = 2147483647;
			files = (
				7D69B9C924EE5E170054A7C4 /* HistoryModel.swift in Sources */,
				7D630EDB2505CEB40049A0F3 /* MapView.swift in Sources */,
				7DD3E35324ECF90900BFC2FE /* HistoryRowView.swift in Sources */,
				7D66263825033E16006EF721 /* HistoryDetailView.swift in Sources */,
				7D69B9CD24EE61AC0054A7C4 /* MenuDetailView.swift in Sources */,
				7DD3E32A24EB16FD00BFC2FE /* AppDelegate.swift in Sources */,
				7DD3E35524ECF94800BFC2FE /* HistoryListView.swift in Sources */,
				7DD3E34424EC6DFB00BFC2FE /* MenuListView.swift in Sources */,
				7D66263C250360A6006EF721 /* RootTabView.swift in Sources */,
				7D69B9CA24EE5E170054A7C4 /* MenuModel.swift in Sources */,
				7D630ED92505CE720049A0F3 /* MapViewController.swift in Sources */,
				7DD3E34E24ECF5FE00BFC2FE /* PageTitleView.swift in Sources */,
				7DD3E35024ECF80200BFC2FE /* HistoryView.swift in Sources */,
				7DD3E34224EC69F900BFC2FE /* OrderListView.swift in Sources */,
				7D69B9C524EE52BB0054A7C4 /* SelectedImageView.swift in Sources */,
				7D69B9CB24EE5E170054A7C4 /* OrderModel.swift in Sources */,
				7D9104C924ECFF2200954512 /* ListHeaderView.swift in Sources */,
				7DD3E34624EC745300BFC2FE /* ContentHeaderView.swift in Sources */,
				7DD3E34C24EC8BD200BFC2FE /* RatingsView.swift in Sources */,
				7DD3E34A24EC8B8900BFC2FE /* MenuRowView.swift in Sources */,
				7DD3E32C24EB16FD00BFC2FE /* SceneDelegate.swift in Sources */,
				7D66263E25038A34006EF721 /* ConfirmView.swift in Sources */,
				7DD3E34824EC8B2000BFC2FE /* OrderRowView.swift in Sources */,
				7DD3E32E24EB16FD00BFC2FE /* ContentView.swift in Sources */,
			);
			runOnlyForDeploymentPostprocessing = 0;
		};
/* End PBXSourcesBuildPhase section */

/* Begin PBXVariantGroup section */
		7DD3E33424EB16FF00BFC2FE /* LaunchScreen.storyboard */ = {
			isa = PBXVariantGroup;
			children = (
				7DD3E33524EB16FF00BFC2FE /* Base */,
			);
			name = LaunchScreen.storyboard;
			sourceTree = "<group>";
		};
/* End PBXVariantGroup section */

/* Begin XCBuildConfiguration section */
		7DD3E33824EB16FF00BFC2FE /* Debug */ = {
			isa = XCBuildConfiguration;
			buildSettings = {
				ALWAYS_SEARCH_USER_PATHS = NO;
				CLANG_ANALYZER_NONNULL = YES;
				CLANG_ANALYZER_NUMBER_OBJECT_CONVERSION = YES_AGGRESSIVE;
				CLANG_CXX_LANGUAGE_STANDARD = "gnu++14";
				CLANG_CXX_LIBRARY = "libc++";
				CLANG_ENABLE_MODULES = YES;
				CLANG_ENABLE_OBJC_ARC = YES;
				CLANG_ENABLE_OBJC_WEAK = YES;
				CLANG_WARN_BLOCK_CAPTURE_AUTORELEASING = YES;
				CLANG_WARN_BOOL_CONVERSION = YES;
				CLANG_WARN_COMMA = YES;
				CLANG_WARN_CONSTANT_CONVERSION = YES;
				CLANG_WARN_DEPRECATED_OBJC_IMPLEMENTATIONS = YES;
				CLANG_WARN_DIRECT_OBJC_ISA_USAGE = YES_ERROR;
				CLANG_WARN_DOCUMENTATION_COMMENTS = YES;
				CLANG_WARN_EMPTY_BODY = YES;
				CLANG_WARN_ENUM_CONVERSION = YES;
				CLANG_WARN_INFINITE_RECURSION = YES;
				CLANG_WARN_INT_CONVERSION = YES;
				CLANG_WARN_NON_LITERAL_NULL_CONVERSION = YES;
				CLANG_WARN_OBJC_IMPLICIT_RETAIN_SELF = YES;
				CLANG_WARN_OBJC_LITERAL_CONVERSION = YES;
				CLANG_WARN_OBJC_ROOT_CLASS = YES_ERROR;
				CLANG_WARN_RANGE_LOOP_ANALYSIS = YES;
				CLANG_WARN_STRICT_PROTOTYPES = YES;
				CLANG_WARN_SUSPICIOUS_MOVE = YES;
				CLANG_WARN_UNGUARDED_AVAILABILITY = YES_AGGRESSIVE;
				CLANG_WARN_UNREACHABLE_CODE = YES;
				CLANG_WARN__DUPLICATE_METHOD_MATCH = YES;
				COPY_PHASE_STRIP = NO;
				DEBUG_INFORMATION_FORMAT = dwarf;
				ENABLE_STRICT_OBJC_MSGSEND = YES;
				ENABLE_TESTABILITY = YES;
				GCC_C_LANGUAGE_STANDARD = gnu11;
				GCC_DYNAMIC_NO_PIC = NO;
				GCC_NO_COMMON_BLOCKS = YES;
				GCC_OPTIMIZATION_LEVEL = 0;
				GCC_PREPROCESSOR_DEFINITIONS = (
					"DEBUG=1",
					"$(inherited)",
				);
				GCC_WARN_64_TO_32_BIT_CONVERSION = YES;
				GCC_WARN_ABOUT_RETURN_TYPE = YES_ERROR;
				GCC_WARN_UNDECLARED_SELECTOR = YES;
				GCC_WARN_UNINITIALIZED_AUTOS = YES_AGGRESSIVE;
				GCC_WARN_UNUSED_FUNCTION = YES;
				GCC_WARN_UNUSED_VARIABLE = YES;
				IPHONEOS_DEPLOYMENT_TARGET = 13.6;
				MTL_ENABLE_DEBUG_INFO = INCLUDE_SOURCE;
				MTL_FAST_MATH = YES;
				ONLY_ACTIVE_ARCH = YES;
				SDKROOT = iphoneos;
				SWIFT_ACTIVE_COMPILATION_CONDITIONS = DEBUG;
				SWIFT_OPTIMIZATION_LEVEL = "-Onone";
			};
			name = Debug;
		};
		7DD3E33924EB16FF00BFC2FE /* Release */ = {
			isa = XCBuildConfiguration;
			buildSettings = {
				ALWAYS_SEARCH_USER_PATHS = NO;
				CLANG_ANALYZER_NONNULL = YES;
				CLANG_ANALYZER_NUMBER_OBJECT_CONVERSION = YES_AGGRESSIVE;
				CLANG_CXX_LANGUAGE_STANDARD = "gnu++14";
				CLANG_CXX_LIBRARY = "libc++";
				CLANG_ENABLE_MODULES = YES;
				CLANG_ENABLE_OBJC_ARC = YES;
				CLANG_ENABLE_OBJC_WEAK = YES;
				CLANG_WARN_BLOCK_CAPTURE_AUTORELEASING = YES;
				CLANG_WARN_BOOL_CONVERSION = YES;
				CLANG_WARN_COMMA = YES;
				CLANG_WARN_CONSTANT_CONVERSION = YES;
				CLANG_WARN_DEPRECATED_OBJC_IMPLEMENTATIONS = YES;
				CLANG_WARN_DIRECT_OBJC_ISA_USAGE = YES_ERROR;
				CLANG_WARN_DOCUMENTATION_COMMENTS = YES;
				CLANG_WARN_EMPTY_BODY = YES;
				CLANG_WARN_ENUM_CONVERSION = YES;
				CLANG_WARN_INFINITE_RECURSION = YES;
				CLANG_WARN_INT_CONVERSION = YES;
				CLANG_WARN_NON_LITERAL_NULL_CONVERSION = YES;
				CLANG_WARN_OBJC_IMPLICIT_RETAIN_SELF = YES;
				CLANG_WARN_OBJC_LITERAL_CONVERSION = YES;
				CLANG_WARN_OBJC_ROOT_CLASS = YES_ERROR;
				CLANG_WARN_RANGE_LOOP_ANALYSIS = YES;
				CLANG_WARN_STRICT_PROTOTYPES = YES;
				CLANG_WARN_SUSPICIOUS_MOVE = YES;
				CLANG_WARN_UNGUARDED_AVAILABILITY = YES_AGGRESSIVE;
				CLANG_WARN_UNREACHABLE_CODE = YES;
				CLANG_WARN__DUPLICATE_METHOD_MATCH = YES;
				COPY_PHASE_STRIP = NO;
				DEBUG_INFORMATION_FORMAT = "dwarf-with-dsym";
				ENABLE_NS_ASSERTIONS = NO;
				ENABLE_STRICT_OBJC_MSGSEND = YES;
				GCC_C_LANGUAGE_STANDARD = gnu11;
				GCC_NO_COMMON_BLOCKS = YES;
				GCC_WARN_64_TO_32_BIT_CONVERSION = YES;
				GCC_WARN_ABOUT_RETURN_TYPE = YES_ERROR;
				GCC_WARN_UNDECLARED_SELECTOR = YES;
				GCC_WARN_UNINITIALIZED_AUTOS = YES_AGGRESSIVE;
				GCC_WARN_UNUSED_FUNCTION = YES;
				GCC_WARN_UNUSED_VARIABLE = YES;
				IPHONEOS_DEPLOYMENT_TARGET = 13.6;
				MTL_ENABLE_DEBUG_INFO = NO;
				MTL_FAST_MATH = YES;
				SDKROOT = iphoneos;
				SWIFT_COMPILATION_MODE = wholemodule;
				SWIFT_OPTIMIZATION_LEVEL = "-O";
				VALIDATE_PRODUCT = YES;
			};
			name = Release;
		};
		7DD3E33B24EB16FF00BFC2FE /* Debug */ = {
			isa = XCBuildConfiguration;
			buildSettings = {
				ASSETCATALOG_COMPILER_APPICON_NAME = AppIcon;
				CODE_SIGN_STYLE = Automatic;
				DEVELOPMENT_ASSET_PATHS = "\"HuliPizza/Preview Content\"";
				DEVELOPMENT_TEAM = GZ8GHQUM4K;
				ENABLE_PREVIEWS = YES;
				INFOPLIST_FILE = HuliPizza/Info.plist;
				LD_RUNPATH_SEARCH_PATHS = (
					"$(inherited)",
					"@executable_path/Frameworks",
				);
				PRODUCT_BUNDLE_IDENTIFIER = com.davidpaez.HuliPizza;
				PRODUCT_NAME = "$(TARGET_NAME)";
				SWIFT_VERSION = 5.0;
				TARGETED_DEVICE_FAMILY = "1,2";
			};
			name = Debug;
		};
		7DD3E33C24EB16FF00BFC2FE /* Release */ = {
			isa = XCBuildConfiguration;
			buildSettings = {
				ASSETCATALOG_COMPILER_APPICON_NAME = AppIcon;
				CODE_SIGN_STYLE = Automatic;
				DEVELOPMENT_ASSET_PATHS = "\"HuliPizza/Preview Content\"";
				DEVELOPMENT_TEAM = GZ8GHQUM4K;
				ENABLE_PREVIEWS = YES;
				INFOPLIST_FILE = HuliPizza/Info.plist;
				LD_RUNPATH_SEARCH_PATHS = (
					"$(inherited)",
					"@executable_path/Frameworks",
				);
				PRODUCT_BUNDLE_IDENTIFIER = com.davidpaez.HuliPizza;
				PRODUCT_NAME = "$(TARGET_NAME)";
				SWIFT_VERSION = 5.0;
				TARGETED_DEVICE_FAMILY = "1,2";
			};
			name = Release;
		};
/* End XCBuildConfiguration section */

/* Begin XCConfigurationList section */
		7DD3E32124EB16FD00BFC2FE /* Build configuration list for PBXProject "HuliPizza" */ = {
			isa = XCConfigurationList;
			buildConfigurations = (
				7DD3E33824EB16FF00BFC2FE /* Debug */,
				7DD3E33924EB16FF00BFC2FE /* Release */,
			);
			defaultConfigurationIsVisible = 0;
			defaultConfigurationName = Release;
		};
		7DD3E33A24EB16FF00BFC2FE /* Build configuration list for PBXNativeTarget "HuliPizza" */ = {
			isa = XCConfigurationList;
			buildConfigurations = (
				7DD3E33B24EB16FF00BFC2FE /* Debug */,
				7DD3E33C24EB16FF00BFC2FE /* Release */,
			);
			defaultConfigurationIsVisible = 0;
			defaultConfigurationName = Release;
		};
/* End XCConfigurationList section */
	};
	rootObject = 7DD3E31E24EB16FD00BFC2FE /* Project object */;
}
